
Microsoft Visual Studio Solution File, Format Version 12.00
# Visual Studio Version 16
VisualStudioVersion = 16.0.31911.196
MinimumVisualStudioVersion = 10.0.40219.1
Project("{FAE04EC0-301F-11D3-BF4B-00C04F79EFBC}") = "Part7", "Part7\Part7.csproj", "{8C7B1BA8-0418-474C-B3F8-31F6E5235FF2}"
EndProject
Global
	GlobalSection(SolutionConfigurationPlatforms) = preSolution
		Debug|Any CPU = Debug|Any CPU
		Release|Any CPU = Release|Any CPU
	EndGlobalSection
	GlobalSection(ProjectConfigurationPlatforms) = postSolution
		{8C7B1BA8-0418-474C-B3F8-31F6E5235FF2}.Debug|Any CPU.ActiveCfg = Debug|Any CPU
		{8C7B1BA8-0418-474C-B3F8-31F6E5235FF2}.Debug|Any CPU.Build.0 = Debug|Any CPU
		{8C7B1BA8-0418-474C-B3F8-31F6E5235FF2}.Release|Any CPU.ActiveCfg = Release|Any CPU
		{8C7B1BA8-0418-474C-B3F8-31F6E5235FF2}.Release|Any CPU.Build.0 = Release|Any CPU
	EndGlobalSection
	GlobalSection(SolutionProperties) = preSolution
		HideSolutionNode = FALSE
	EndGlobalSection
	GlobalSection(ExtensibilityGlobals) = postSolution
		SolutionGuid = {C53B0E24-0156-4016-A69B-BAE264528370}
	EndGlobalSection
EndGlobal
